Microsoft Visual Studio Solution File, Format Version 12.00
# Visual Studio 2012
Project("{FAE04EC0-301F-11D3-BF4B-00C04F79EFBC}") = "godot_2.5", "godot_2.5.csproj", "{A226E7A0-654B-49ED-8CC9-424BF52EF056}"
EndProject
Global
	GlobalSection(SolutionConfigurationPlatforms) = preSolution
	Debug|Any CPU = Debug|Any CPU
	ExportDebug|Any CPU = ExportDebug|Any CPU
	ExportRelease|Any CPU = ExportRelease|Any CPU
	EndGlobalSection
	GlobalSection(ProjectConfigurationPlatforms) = postSolution
		{A226E7A0-654B-49ED-8CC9-424BF52EF056}.Debug|Any CPU.ActiveCfg = Debug|Any CPU
		{A226E7A0-654B-49ED-8CC9-424BF52EF056}.Debug|Any CPU.Build.0 = Debug|Any CPU
		{A226E7A0-654B-49ED-8CC9-424BF52EF056}.ExportDebug|Any CPU.ActiveCfg = ExportDebug|Any CPU
		{A226E7A0-654B-49ED-8CC9-424BF52EF056}.ExportDebug|Any CPU.Build.0 = ExportDebug|Any CPU
		{A226E7A0-654B-49ED-8CC9-424BF52EF056}.ExportRelease|Any CPU.ActiveCfg = ExportRelease|Any CPU
		{A226E7A0-654B-49ED-8CC9-424BF52EF056}.ExportRelease|Any CPU.Build.0 = ExportRelease|Any CPU
	EndGlobalSection
EndGlobal
